// !$*UTF8*$!
{
	archiveVersion = 1;
	classes = {
	};
	objectVersion = 46;
	objects = {

/* Begin PBXBuildFile section */
		7B02D8941B2D2F4C0063CAAE /* ypclass.plist in Resources */ = {isa = PBXBuildFile; fileRef = 7B02D8931B2D2F4C0063CAAE /* ypclass.plist */; };
		7B04F8A61B3823CE00A5CB6E /* SearchResultController.m in Sources */ = {isa = PBXBuildFile; fileRef = 7B04F8A51B3823CE00A5CB6E /* SearchResultController.m */; };
		7B345CAA1B3A8C2600B37392 /* YpClassDetailedCOntroller.m in Sources */ = {isa = PBXBuildFile; fileRef = 7B345CA91B3A8C2600B37392 /* YpClassDetailedCOntroller.m */; };
		7B4CDD101B44DF5D001D7DB3 /* Utils.m in Sources */ = {isa = PBXBuildFile; fileRef = 7B4CDD0F1B44DF5D001D7DB3 /* Utils.m */; };
		7B4CDD131B44E288001D7DB3 /* TableViewCell.xib in Resources */ = {isa = PBXBuildFile; fileRef = 7B4CDD121B44E288001D7DB3 /* TableViewCell.xib */; };
		7BEC05331B2F0C5F00B949ED /* YpClassController.m in Sources */ = {isa = PBXBuildFile; fileRef = 7BEC05321B2F0C5F00B949ED /* YpClassController.m */; };
		7BF779791B2B0DF8002D339A /* main.m in Sources */ = {isa = PBXBuildFile; fileRef = 7BF779781B2B0DF8002D339A /* main.m */; };
		7BF7797C1B2B0DF8002D339A /* AppDelegate.m in Sources */ = {isa = PBXBuildFile; fileRef = 7BF7797B1B2B0DF8002D339A /* AppDelegate.m */; };
		7BF7797F1B2B0DF8002D339A /* ViewController.m in Sources */ = {isa = PBXBuildFile; fileRef = 7BF7797E1B2B0DF8002D339A /* ViewController.m */; };
		7BF779821B2B0DF8002D339A /* Main.storyboard in Resources */ = {isa = PBXBuildFile; fileRef = 7BF779801B2B0DF8002D339A /* Main.storyboard */; };
		7BF779841B2B0DF8002D339A /* Images.xcassets in Resources */ = {isa = PBXBuildFile; fileRef = 7BF779831B2B0DF8002D339A /* Images.xcassets */; };
		7BF779871B2B0DF8002D339A /* LaunchScreen.xib in Resources */ = {isa = PBXBuildFile; fileRef = 7BF779851B2B0DF8002D339A /* LaunchScreen.xib */; };
		7BF779931B2B0DF8002D339A /* YPDQTests.m in Sources */ = {isa = PBXBuildFile; fileRef = 7BF779921B2B0DF8002D339A /* YPDQTests.m */; };
/* End PBXBuildFile section */

/* Begin PBXContainerItemProxy section */
		7BF7798D1B2B0DF8002D339A /* PBXContainerItemProxy */ = {
			isa = PBXContainerItemProxy;
			containerPortal = 7BF7796B1B2B0DF8002D339A /* Project object */;
			proxyType = 1;
			remoteGlobalIDString = 7BF779721B2B0DF8002D339A;
			remoteInfo = YPDQ;
		};
/* End PBXContainerItemProxy section */

/* Begin PBXFileReference section */
		7B02D8931B2D2F4C0063CAAE /* ypclass.plist */ = {isa = PBXFileReference; fileEncoding = 4; lastKnownFileType = text.plist.xml; path = ypclass.plist; sourceTree = "<group>"; };
		7B04F8A41B38231900A5CB6E /* SearchResultController.h */ = {isa = PBXFileReference; lastKnownFileType = sourcecode.c.h; path = SearchResultController.h; sourceTree = "<group>"; };
		7B04F8A51B3823CE00A5CB6E /* SearchResultController.m */ = {isa = PBXFileReference; fileEncoding = 4; lastKnownFileType = sourcecode.c.objc; path = SearchResultController.m; sourceTree = "<group>"; };
		7B345CA81B3A8C1200B37392 /* YpClassDetailedCOntroller.h */ = {isa = PBXFileReference; lastKnownFileType = sourcecode.c.h; path = YpClassDetailedCOntroller.h; sourceTree = "<group>"; };
		7B345CA91B3A8C2600B37392 /* YpClassDetailedCOntroller.m */ = {isa = PBXFileReference; fileEncoding = 4; lastKnownFileType = sourcecode.c.objc; path = YpClassDetailedCOntroller.m; sourceTree = "<group>"; };
		7B4CDD0F1B44DF5D001D7DB3 /* Utils.m */ = {isa = PBXFileReference; fileEncoding = 4; lastKnownFileType = sourcecode.c.objc; path = Utils.m; sourceTree = "<group>"; };
		7B4CDD111B44DF73001D7DB3 /* Utils.h */ = {isa = PBXFileReference; lastKnownFileType = sourcecode.c.h; path = Utils.h; sourceTree = "<group>"; };
		7B4CDD121B44E288001D7DB3 /* TableViewCell.xib */ = {isa = PBXFileReference; fileEncoding = 4; lastKnownFileType = file.xib; path = TableViewCell.xib; sourceTree = "<group>"; };
		7BEC05311B2F0B9700B949ED /* YpClassController.h */ = {isa = PBXFileReference; lastKnownFileType = sourcecode.c.h; path = YpClassController.h; sourceTree = "<group>"; };
		7BEC05321B2F0C5F00B949ED /* YpClassController.m */ = {isa = PBXFileReference; fileEncoding = 4; lastKnownFileType = sourcecode.c.objc; path = YpClassController.m; sourceTree = "<group>"; };
		7BF779731B2B0DF8002D339A /* YPDQ.app */ = {isa = PBXFileReference; explicitFileType = wrapper.application; includeInIndex = 0; path = YPDQ.app; sourceTree = BUILT_PRODUCTS_DIR; };
		7BF779771B2B0DF8002D339A /* Info.plist */ = {isa = PBXFileReference; lastKnownFileType = text.plist.xml; path = Info.plist; sourceTree = "<group>"; };
		7BF779781B2B0DF8002D339A /* main.m */ = {isa = PBXFileReference; lastKnownFileType = sourcecode.c.objc; path = main.m; sourceTree = "<group>"; };
		7BF7797A1B2B0DF8002D339A /* AppDelegate.h */ = {isa = PBXFileReference; lastKnownFileType = sourcecode.c.h; path = AppDelegate.h; sourceTree = "<group>"; };
		7BF7797B1B2B0DF8002D339A /* AppDelegate.m */ = {isa = PBXFileReference; lastKnownFileType = sourcecode.c.objc; path = AppDelegate.m; sourceTree = "<group>"; };
		7BF7797D1B2B0DF8002D339A /* ViewController.h */ = {isa = PBXFileReference; lastKnownFileType = sourcecode.c.h; path = ViewController.h; sourceTree = "<group>"; };
		7BF7797E1B2B0DF8002D339A /* ViewController.m */ = {isa = PBXFileReference; lastKnownFileType = sourcecode.c.objc; path = ViewController.m; sourceTree = "<group>"; };
		7BF779811B2B0DF8002D339A /* Base */ = {isa = PBXFileReference; lastKnownFileType = file.storyboard; name = Base; path = Base.lproj/Main.storyboard; sourceTree = "<group>"; };
		7BF779831B2B0DF8002D339A /* Images.xcassets */ = {isa = PBXFileReference; lastKnownFileType = folder.assetcatalog; path = Images.xcassets; sourceTree = "<group>"; };
		7BF779861B2B0DF8002D339A /* Base */ = {isa = PBXFileReference; lastKnownFileType = file.xib; name = Base; path = Base.lproj/LaunchScreen.xib; sourceTree = "<group>"; };
		7BF7798C1B2B0DF8002D339A /* YPDQTests.xctest */ = {isa = PBXFileReference; explicitFileType = wrapper.cfbundle; includeInIndex = 0; path = YPDQTests.xctest; sourceTree = BUILT_PRODUCTS_DIR; };
		7BF779911B2B0DF8002D339A /* Info.plist */ = {isa = PBXFileReference; lastKnownFileType = text.plist.xml; path = Info.plist; sourceTree = "<group>"; };
		7BF779921B2B0DF8002D339A /* YPDQTests.m */ = {isa = PBXFileReference; lastKnownFileType = sourcecode.c.objc; path = YPDQTests.m; sourceTree = "<group>"; };
/* End PBXFileReference section */

/* Begin PBXFrameworksBuildPhase section */
		7BF779701B2B0DF8002D339A /* Frameworks */ = {
			isa = PBXFrameworksBuildPhase;
			buildActionMask = 2147483647;
			files = (
			);
			runOnlyForDeploymentPostprocessing = 0;
		};
		7BF779891B2B0DF8002D339A /* Frameworks */ = {
			isa = PBXFrameworksBuildPhase;
			buildActionMask = 2147483647;
			files = (
			);
			runOnlyForDeploymentPostprocessing = 0;
		};
/* End PBXFrameworksBuildPhase section */

/* Begin PBXGroup section */
		7BF7796A1B2B0DF8002D339A = {
			isa = PBXGroup;
			children = (
				7BF779751B2B0DF8002D339A /* YPDQ */,
				7BF7798F1B2B0DF8002D339A /* YPDQTests */,
				7BF779741B2B0DF8002D339A /* Products */,
			);
			sourceTree = "<group>";
		};
		7BF779741B2B0DF8002D339A /* Products */ = {
			isa = PBXGroup;
			children = (
				7BF779731B2B0DF8002D339A /* YPDQ.app */,
				7BF7798C1B2B0DF8002D339A /* YPDQTests.xctest */,
			);
			name = Products;
			sourceTree = "<group>";
		};
		7BF779751B2B0DF8002D339A /* YPDQ */ = {
			isa = PBXGroup;
			children = (
				7BF7797A1B2B0DF8002D339A /* AppDelegate.h */,
				7BF7797B1B2B0DF8002D339A /* AppDelegate.m */,
				7B04F8A41B38231900A5CB6E /* SearchResultController.h */,
				7B04F8A51B3823CE00A5CB6E /* SearchResultController.m */,
				7BF7797D1B2B0DF8002D339A /* ViewController.h */,
				7BF7797E1B2B0DF8002D339A /* ViewController.m */,
				7BEC05311B2F0B9700B949ED /* YpClassController.h */,
				7BEC05321B2F0C5F00B949ED /* YpClassController.m */,
				7B345CA81B3A8C1200B37392 /* YpClassDetailedCOntroller.h */,
				7B345CA91B3A8C2600B37392 /* YpClassDetailedCOntroller.m */,
				7BF779801B2B0DF8002D339A /* Main.storyboard */,
				7B4CDD121B44E288001D7DB3 /* TableViewCell.xib */,
				7BF779831B2B0DF8002D339A /* Images.xcassets */,
				7BF779851B2B0DF8002D339A /* LaunchScreen.xib */,
				7BF779761B2B0DF8002D339A /* Supporting Files */,
				7B4CDD0F1B44DF5D001D7DB3 /* Utils.m */,
				7B4CDD111B44DF73001D7DB3 /* Utils.h */,
			);
			path = YPDQ;
			sourceTree = "<group>";
		};
		7BF779761B2B0DF8002D339A /* Supporting Files */ = {
			isa = PBXGroup;
			children = (
				7B02D8931B2D2F4C0063CAAE /* ypclass.plist */,
				7BF779771B2B0DF8002D339A /* Info.plist */,
				7BF779781B2B0DF8002D339A /* main.m */,
			);
			name = "Supporting Files";
			sourceTree = "<group>";
		};
		7BF7798F1B2B0DF8002D339A /* YPDQTests */ = {
			isa = PBXGroup;
			children = (
				7BF779921B2B0DF8002D339A /* YPDQTests.m */,
				7BF779901B2B0DF8002D339A /* Supporting Files */,
			);
			path = YPDQTests;
			sourceTree = "<group>";
		};
		7BF779901B2B0DF8002D339A /* Supporting Files */ = {
			isa = PBXGroup;
			children = (
				7BF779911B2B0DF8002D339A /* Info.plist */,
			);
			name = "Supporting Files";
			sourceTree = "<group>";
		};
/* End PBXGroup section */

/* Begin PBXNativeTarget section */
		7BF779721B2B0DF8002D339A /* YPDQ */ = {
			isa = PBXNativeTarget;
			buildConfigurationList = 7BF779961B2B0DF8002D339A /* Build configuration list for PBXNativeTarget "YPDQ" */;
			buildPhases = (
				7BF7796F1B2B0DF8002D339A /* Sources */,
				7BF779701B2B0DF8002D339A /* Frameworks */,
				7BF779711B2B0DF8002D339A /* Resources */,
			);
			buildRules = (
			);
			dependencies = (
			);
			name = YPDQ;
			productName = YPDQ;
			productReference = 7BF779731B2B0DF8002D339A /* YPDQ.app */;
			productType = "com.apple.product-type.application";
		};
		7BF7798B1B2B0DF8002D339A /* YPDQTests */ = {
			isa = PBXNativeTarget;
			buildConfigurationList = 7BF779991B2B0DF8002D339A /* Build configuration list for PBXNativeTarget "YPDQTests" */;
			buildPhases = (
				7BF779881B2B0DF8002D339A /* Sources */,
				7BF779891B2B0DF8002D339A /* Frameworks */,
				7BF7798A1B2B0DF8002D339A /* Resources */,
			);
			buildRules = (
			);
			dependencies = (
				7BF7798E1B2B0DF8002D339A /* PBXTargetDependency */,
			);
			name = YPDQTests;
			productName = YPDQTests;
			productReference = 7BF7798C1B2B0DF8002D339A /* YPDQTests.xctest */;
			productType = "com.apple.product-type.bundle.unit-test";
		};
/* End PBXNativeTarget section */

/* Begin PBXProject section */
		7BF7796B1B2B0DF8002D339A /* Project object */ = {
			isa = PBXProject;
			attributes = {
				LastUpgradeCheck = 0630;
				ORGANIZATIONNAME = "何浩";
				TargetAttributes = {
					7BF779721B2B0DF8002D339A = {
						CreatedOnToolsVersion = 6.3.2;
					};
					7BF7798B1B2B0DF8002D339A = {
						CreatedOnToolsVersion = 6.3.2;
						TestTargetID = 7BF779721B2B0DF8002D339A;
					};
				};
			};
			buildConfigurationList = 7BF7796E1B2B0DF8002D339A /* Build configuration list for PBXProject "YPDQ" */;
			compatibilityVersion = "Xcode 3.2";
			developmentRegion = English;
			hasScannedForEncodings = 0;
			knownRegions = (
				en,
				Base,
			);
			mainGroup = 7BF7796A1B2B0DF8002D339A;
			productRefGroup = 7BF779741B2B0DF8002D339A /* Products */;
			projectDirPath = "";
			projectRoot = "";
			targets = (
				7BF779721B2B0DF8002D339A /* YPDQ */,
				7BF7798B1B2B0DF8002D339A /* YPDQTests */,
			);
		};
/* End PBXProject section */

/* Begin PBXResourcesBuildPhase section */
		7BF779711B2B0DF8002D339A /* Resources */ = {
			isa = PBXResourcesBuildPhase;
			buildActionMask = 2147483647;
			files = (
				7BF779821B2B0DF8002D339A /* Main.storyboard in Resources */,
				7B4CDD131B44E288001D7DB3 /* TableViewCell.xib in Resources */,
				7BF779871B2B0DF8002D339A /* LaunchScreen.xib in Resources */,
				7B02D8941B2D2F4C0063CAAE /* ypclass.plist in Resources */,
				7BF779841B2B0DF8002D339A /* Images.xcassets in Resources */,
			);
			runOnlyForDeploymentPostprocessing = 0;
		};
		7BF7798A1B2B0DF8002D339A /* Resources */ = {
			isa = PBXResourcesBuildPhase;
			buildActionMask = 2147483647;
			files = (
			);
			runOnlyForDeploymentPostprocessing = 0;
		};
/* End PBXResourcesBuildPhase section */

/* Begin PBXSourcesBuildPhase section */
		7BF7796F1B2B0DF8002D339A /* Sources */ = {
			isa = PBXSourcesBuildPhase;
			buildActionMask = 2147483647;
			files = (
				7BF7797F1B2B0DF8002D339A /* ViewController.m in Sources */,
				7BF7797C1B2B0DF8002D339A /* AppDelegate.m in Sources */,
				7BF779791B2B0DF8002D339A /* main.m in Sources */,
				7BEC05331B2F0C5F00B949ED /* YpClassController.m in Sources */,
				7B04F8A61B3823CE00A5CB6E /* SearchResultController.m in Sources */,
				7B4CDD101B44DF5D001D7DB3 /* Utils.m in Sources */,
				7B345CAA1B3A8C2600B37392 /* YpClassDetailedCOntroller.m in Sources */,
			);
			runOnlyForDeploymentPostprocessing = 0;
		};
		7BF779881B2B0DF8002D339A /* Sources */ = {
			isa = PBXSourcesBuildPhase;
			buildActionMask = 2147483647;
			files = (
				7BF779931B2B0DF8002D339A /* YPDQTests.m in Sources */,
			);
			runOnlyForDeploymentPostprocessing = 0;
		};
/* End PBXSourcesBuildPhase section */

/* Begin PBXTargetDependency section */
		7BF7798E1B2B0DF8002D339A /* PBXTargetDependency */ = {
			isa = PBXTargetDependency;
			target = 7BF779721B2B0DF8002D339A /* YPDQ */;
			targetProxy = 7BF7798D1B2B0DF8002D339A /* PBXContainerItemProxy */;
		};
/* End PBXTargetDependency section */

/* Begin PBXVariantGroup section */
		7BF779801B2B0DF8002D339A /* Main.storyboard */ = {
			isa = PBXVariantGroup;
			children = (
				7BF779811B2B0DF8002D339A /* Base */,
			);
			name = Main.storyboard;
			sourceTree = "<group>";
		};
		7BF779851B2B0DF8002D339A /* LaunchScreen.xib */ = {
			isa = PBXVariantGroup;
			children = (
				7BF779861B2B0DF8002D339A /* Base */,
			);
			name = LaunchScreen.xib;
			sourceTree = "<group>";
		};
/* End PBXVariantGroup section */

/* Begin XCBuildConfiguration section */
		7BF779941B2B0DF8002D339A /* Debug */ = {
			isa = XCBuildConfiguration;
			buildSettings = {
				ALWAYS_SEARCH_USER_PATHS = NO;
				CLANG_CXX_LANGUAGE_STANDARD = "gnu++0x";
				CLANG_CXX_LIBRARY = "libc++";
				CLANG_ENABLE_MODULES = YES;
				CLANG_ENABLE_OBJC_ARC = YES;
				CLANG_WARN_BOOL_CONVERSION = YES;
				CLANG_WARN_CONSTANT_CONVERSION = YES;
				CLANG_WARN_DIRECT_OBJC_ISA_USAGE = YES_ERROR;
				CLANG_WARN_EMPTY_BODY = YES;
				CLANG_WARN_ENUM_CONVERSION = YES;
				CLANG_WARN_INT_CONVERSION = YES;
				CLANG_WARN_OBJC_ROOT_CLASS = YES_ERROR;
				CLANG_WARN_UNREACHABLE_CODE = YES;
				CLANG_WARN__DUPLICATE_METHOD_MATCH = YES;
				"CODE_SIGN_IDENTITY[sdk=iphoneos*]" = "iPhone Developer";
				COPY_PHASE_STRIP = NO;
				DEBUG_INFORMATION_FORMAT = "dwarf-with-dsym";
				ENABLE_STRICT_OBJC_MSGSEND = YES;
				GCC_C_LANGUAGE_STANDARD = gnu99;
				GCC_DYNAMIC_NO_PIC = NO;
				GCC_NO_COMMON_BLOCKS = YES;
				GCC_OPTIMIZATION_LEVEL = 0;
				GCC_PREPROCESSOR_DEFINITIONS = (
					"DEBUG=1",
					"$(inherited)",
				);
				GCC_SYMBOLS_PRIVATE_EXTERN = NO;
				GCC_WARN_64_TO_32_BIT_CONVERSION = YES;
				GCC_WARN_ABOUT_RETURN_TYPE = YES_ERROR;
				GCC_WARN_UNDECLARED_SELECTOR = YES;
				GCC_WARN_UNINITIALIZED_AUTOS = YES_AGGRESSIVE;
				GCC_WARN_UNUSED_FUNCTION = YES;
				GCC_WARN_UNUSED_VARIABLE = YES;
				IPHONEOS_DEPLOYMENT_TARGET = 8.3;
				MTL_ENABLE_DEBUG_INFO = YES;
				ONLY_ACTIVE_ARCH = YES;
				SDKROOT = iphoneos;
			};
			name = Debug;
		};
		7BF779951B2B0DF8002D339A /* Release */ = {
			isa = XCBuildConfiguration;
			buildSettings = {
				ALWAYS_SEARCH_USER_PATHS = NO;
				CLANG_CXX_LANGUAGE_STANDARD = "gnu++0x";
				CLANG_CXX_LIBRARY = "libc++";
				CLANG_ENABLE_MODULES = YES;
				CLANG_ENABLE_OBJC_ARC = YES;
				CLANG_WARN_BOOL_CONVERSION = YES;
				CLANG_WARN_CONSTANT_CONVERSION = YES;
				CLANG_WARN_DIRECT_OBJC_ISA_USAGE = YES_ERROR;
				CLANG_WARN_EMPTY_BODY = YES;
				CLANG_WARN_ENUM_CONVERSION = YES;
				CLANG_WARN_INT_CONVERSION = YES;
				CLANG_WARN_OBJC_ROOT_CLASS = YES_ERROR;
				CLANG_WARN_UNREACHABLE_CODE = YES;
				CLANG_WARN__DUPLICATE_METHOD_MATCH = YES;
				"CODE_SIGN_IDENTITY[sdk=iphoneos*]" = "iPhone Developer";
				COPY_PHASE_STRIP = NO;
				DEBUG_INFORMATION_FORMAT = "dwarf-with-dsym";
				ENABLE_NS_ASSERTIONS = NO;
				ENABLE_STRICT_OBJC_MSGSEND = YES;
				GCC_C_LANGUAGE_STANDARD = gnu99;
				GCC_NO_COMMON_BLOCKS = YES;
				GCC_WARN_64_TO_32_BIT_CONVERSION = YES;
				GCC_WARN_ABOUT_RETURN_TYPE = YES_ERROR;
				GCC_WARN_UNDECLARED_SELECTOR = YES;
				GCC_WARN_UNINITIALIZED_AUTOS = YES_AGGRESSIVE;
				GCC_WARN_UNUSED_FUNCTION = YES;
				GCC_WARN_UNUSED_VARIABLE = YES;
				IPHONEOS_DEPLOYMENT_TARGET = 8.3;
				MTL_ENABLE_DEBUG_INFO = NO;
				SDKROOT = iphoneos;
				VALIDATE_PRODUCT = YES;
			};
			name = Release;
		};
		7BF779971B2B0DF8002D339A /* Debug */ = {
			isa = XCBuildConfiguration;
			buildSettings = {
				ASSETCATALOG_COMPILER_APPICON_NAME = AppIcon;
				INFOPLIST_FILE = YPDQ/Info.plist;
				LD_RUNPATH_SEARCH_PATHS = "$(inherited) @executable_path/Frameworks";
				PRODUCT_NAME = "$(TARGET_NAME)";
			};
			name = Debug;
		};
		7BF779981B2B0DF8002D339A /* Release */ = {
			isa = XCBuildConfiguration;
			buildSettings = {
				ASSETCATALOG_COMPILER_APPICON_NAME = AppIcon;
				INFOPLIST_FILE = YPDQ/Info.plist;
				LD_RUNPATH_SEARCH_PATHS = "$(inherited) @executable_path/Frameworks";
				PRODUCT_NAME = "$(TARGET_NAME)";
			};
			name = Release;
		};
		7BF7799A1B2B0DF8002D339A /* Debug */ = {
			isa = XCBuildConfiguration;
			buildSettings = {
				BUNDLE_LOADER = "$(TEST_HOST)";
				FRAMEWORK_SEARCH_PATHS = (
					"$(SDKROOT)/Developer/Library/Frameworks",
					"$(inherited)",
				);
				GCC_PREPROCESSOR_DEFINITIONS = (
					"DEBUG=1",
					"$(inherited)",
				);
				INFOPLIST_FILE = YPDQTests/Info.plist;
				LD_RUNPATH_SEARCH_PATHS = "$(inherited) @executable_path/Frameworks @loader_path/Frameworks";
				PRODUCT_NAME = "$(TARGET_NAME)";
				TEST_HOST = "$(BUILT_PRODUCTS_DIR)/YPDQ.app/YPDQ";
			};
			name = Debug;
		};
		7BF7799B1B2B0DF8002D339A /* Release */ = {
			isa = XCBuildConfiguration;
			buildSettings = {
				BUNDLE_LOADER = "$(TEST_HOST)";
				FRAMEWORK_SEARCH_PATHS = (
					"$(SDKROOT)/Developer/Library/Frameworks",
					"$(inherited)",
				);
				INFOPLIST_FILE = YPDQTests/Info.plist;
				LD_RUNPATH_SEARCH_PATHS = "$(inherited) @executable_path/Frameworks @loader_path/Frameworks";
				PRODUCT_NAME = "$(TARGET_NAME)";
				TEST_HOST = "$(BUILT_PRODUCTS_DIR)/YPDQ.app/YPDQ";
			};
			name = Release;
		};
/* End XCBuildConfiguration section */

/* Begin XCConfigurationList section */
		7BF7796E1B2B0DF8002D339A /* Build configuration list for PBXProject "YPDQ" */ = {
			isa = XCConfigurationList;
			buildConfigurations = (
				7BF779941B2B0DF8002D339A /* Debug */,
				7BF779951B2B0DF8002D339A /* Release */,
			);
			defaultConfigurationIsVisible = 0;
			defaultConfigurationName = Release;
		};
		7BF779961B2B0DF8002D339A /* Build configuration list for PBXNativeTarget "YPDQ" */ = {
			isa = XCConfigurationList;
			buildConfigurations = (
				7BF779971B2B0DF8002D339A /* Debug */,
				7BF779981B2B0DF8002D339A /* Release */,
			);
			defaultConfigurationIsVisible = 0;
			defaultConfigurationName = Release;
		};
		7BF779991B2B0DF8002D339A /* Build configuration list for PBXNativeTarget "YPDQTests" */ = {
			isa = XCConfigurationList;
			buildConfigurations = (
				7BF7799A1B2B0DF8002D339A /* Debug */,
				7BF7799B1B2B0DF8002D339A /* Release */,
			);
			defaultConfigurationIsVisible = 0;
			defaultConfigurationName = Release;
		};
/* End XCConfigurationList section */
	};
	rootObject = 7BF7796B1B2B0DF8002D339A /* Project object */;
}
